
Microsoft Visual Studio Solution File, Format Version 12.00
# Visual Studio 15
VisualStudioVersion = 15.0.26020.0
MinimumVisualStudioVersion = 10.0.40219.1
Project("{FAE04EC0-301F-11D3-BF4B-00C04F79EFBC}") = "Moonet.CompilerService", "src\Moonet.CompilerService\Moonet.CompilerService.csproj", "{F36B2DEF-16B8-40E5-842C-879F0C1F42AB}"
EndProject
Project("{FAE04EC0-301F-11D3-BF4B-00C04F79EFBC}") = "Moonet.Runtime", "src\Moonet.Runtime\Moonet.Runtime.csproj", "{64CB3E3E-D5D5-4190-A188-AA72ED182E4E}"
EndProject
Project("{FAE04EC0-301F-11D3-BF4B-00C04F79EFBC}") = "Moonet.Compiler", "src\Moonet.Compiler\Moonet.Compiler.csproj", "{FA66BC06-8BE4-4ED5-87D7-D2DAA98E9436}"
EndProject
Project("{FAE04EC0-301F-11D3-BF4B-00C04F79EFBC}") = "Moonet.Interactive", "src\Moonet.Interactive\Moonet.Interactive.csproj", "{C4D348D4-8260-4498-A9DD-5F9D9DA11514}"
EndProject
Global
	GlobalSection(SolutionConfigurationPlatforms) = preSolution
		Debug|Any CPU = Debug|Any CPU
		Debug|x64 = Debug|x64
		Debug|x86 = Debug|x86
		Release|Any CPU = Release|Any CPU
		Release|x64 = Release|x64
		Release|x86 = Release|x86
	EndGlobalSection
	GlobalSection(ProjectConfigurationPlatforms) = postSolution
		{F36B2DEF-16B8-40E5-842C-879F0C1F42AB}.Debug|Any CPU.ActiveCfg = Debug|Any CPU
		{F36B2DEF-16B8-40E5-842C-879F0C1F42AB}.Debug|Any CPU.Build.0 = Debug|Any CPU
		{F36B2DEF-16B8-40E5-842C-879F0C1F42AB}.Debug|x64.ActiveCfg = Debug|x64
		{F36B2DEF-16B8-40E5-842C-879F0C1F42AB}.Debug|x64.Build.0 = Debug|x64
		{F36B2DEF-16B8-40E5-842C-879F0C1F42AB}.Debug|x86.ActiveCfg = Debug|x86
		{F36B2DEF-16B8-40E5-842C-879F0C1F42AB}.Debug|x86.Build.0 = Debug|x86
		{F36B2DEF-16B8-40E5-842C-879F0C1F42AB}.Release|Any CPU.ActiveCfg = Release|Any CPU
		{F36B2DEF-16B8-40E5-842C-879F0C1F42AB}.Release|Any CPU.Build.0 = Release|Any CPU
		{F36B2DEF-16B8-40E5-842C-879F0C1F42AB}.Release|x64.ActiveCfg = Release|x64
		{F36B2DEF-16B8-40E5-842C-879F0C1F42AB}.Release|x64.Build.0 = Release|x64
		{F36B2DEF-16B8-40E5-842C-879F0C1F42AB}.Release|x86.ActiveCfg = Release|x86
		{F36B2DEF-16B8-40E5-842C-879F0C1F42AB}.Release|x86.Build.0 = Release|x86
		{64CB3E3E-D5D5-4190-A188-AA72ED182E4E}.Debug|Any CPU.ActiveCfg = Debug|Any CPU
		{64CB3E3E-D5D5-4190-A188-AA72ED182E4E}.Debug|Any CPU.Build.0 = Debug|Any CPU
		{64CB3E3E-D5D5-4190-A188-AA72ED182E4E}.Debug|x64.ActiveCfg = Debug|x64
		{64CB3E3E-D5D5-4190-A188-AA72ED182E4E}.Debug|x64.Build.0 = Debug|x64
		{64CB3E3E-D5D5-4190-A188-AA72ED182E4E}.Debug|x86.ActiveCfg = Debug|x86
		{64CB3E3E-D5D5-4190-A188-AA72ED182E4E}.Debug|x86.Build.0 = Debug|x86
		{64CB3E3E-D5D5-4190-A188-AA72ED182E4E}.Release|Any CPU.ActiveCfg = Release|Any CPU
		{64CB3E3E-D5D5-4190-A188-AA72ED182E4E}.Release|Any CPU.Build.0 = Release|Any CPU
		{64CB3E3E-D5D5-4190-A188-AA72ED182E4E}.Release|x64.ActiveCfg = Release|x64
		{64CB3E3E-D5D5-4190-A188-AA72ED182E4E}.Release|x64.Build.0 = Release|x64
		{64CB3E3E-D5D5-4190-A188-AA72ED182E4E}.Release|x86.ActiveCfg = Release|x86
		{64CB3E3E-D5D5-4190-A188-AA72ED182E4E}.Release|x86.Build.0 = Release|x86
		{FA66BC06-8BE4-4ED5-87D7-D2DAA98E9436}.Debug|Any CPU.ActiveCfg = Debug|Any CPU
		{FA66BC06-8BE4-4ED5-87D7-D2DAA98E9436}.Debug|Any CPU.Build.0 = Debug|Any CPU
		{FA66BC06-8BE4-4ED5-87D7-D2DAA98E9436}.Debug|x64.ActiveCfg = Debug|x64
		{FA66BC06-8BE4-4ED5-87D7-D2DAA98E9436}.Debug|x64.Build.0 = Debug|x64
		{FA66BC06-8BE4-4ED5-87D7-D2DAA98E9436}.Debug|x86.ActiveCfg = Debug|x86
		{FA66BC06-8BE4-4ED5-87D7-D2DAA98E9436}.Debug|x86.Build.0 = Debug|x86
		{FA66BC06-8BE4-4ED5-87D7-D2DAA98E9436}.Release|Any CPU.ActiveCfg = Release|Any CPU
		{FA66BC06-8BE4-4ED5-87D7-D2DAA98E9436}.Release|Any CPU.Build.0 = Release|Any CPU
		{FA66BC06-8BE4-4ED5-87D7-D2DAA98E9436}.Release|x64.ActiveCfg = Release|x64
		{FA66BC06-8BE4-4ED5-87D7-D2DAA98E9436}.Release|x64.Build.0 = Release|x64
		{FA66BC06-8BE4-4ED5-87D7-D2DAA98E9436}.Release|x86.ActiveCfg = Release|x86
		{FA66BC06-8BE4-4ED5-87D7-D2DAA98E9436}.Release|x86.Build.0 = Release|x86
		{C4D348D4-8260-4498-A9DD-5F9D9DA11514}.Debug|Any CPU.ActiveCfg = Debug|Any CPU
		{C4D348D4-8260-4498-A9DD-5F9D9DA11514}.Debug|Any CPU.Build.0 = Debug|Any CPU
		{C4D348D4-8260-4498-A9DD-5F9D9DA11514}.Debug|x64.ActiveCfg = Debug|x64
		{C4D348D4-8260-4498-A9DD-5F9D9DA11514}.Debug|x64.Build.0 = Debug|x64
		{C4D348D4-8260-4498-A9DD-5F9D9DA11514}.Debug|x86.ActiveCfg = Debug|x86
		{C4D348D4-8260-4498-A9DD-5F9D9DA11514}.Debug|x86.Build.0 = Debug|x86
		{C4D348D4-8260-4498-A9DD-5F9D9DA11514}.Release|Any CPU.ActiveCfg = Release|Any CPU
		{C4D348D4-8260-4498-A9DD-5F9D9DA11514}.Release|Any CPU.Build.0 = Release|Any CPU
		{C4D348D4-8260-4498-A9DD-5F9D9DA11514}.Release|x64.ActiveCfg = Release|x64
		{C4D348D4-8260-4498-A9DD-5F9D9DA11514}.Release|x64.Build.0 = Release|x64
		{C4D348D4-8260-4498-A9DD-5F9D9DA11514}.Release|x86.ActiveCfg = Release|x86
		{C4D348D4-8260-4498-A9DD-5F9D9DA11514}.Release|x86.Build.0 = Release|x86
	EndGlobalSection
	GlobalSection(SolutionProperties) = preSolution
		HideSolutionNode = FALSE
	EndGlobalSection
EndGlobal
